
Microsoft Visual Studio Solution File, Format Version 12.00
# Visual Studio Version 16
VisualStudioVersion = 16.0.30114.105
MinimumVisualStudioVersion = 10.0.40219.1
Project("{FAE04EC0-301F-11D3-BF4B-00C04F79EFBC}") = "HelloWorld", "HelloWorld\HelloWorld.csproj", "{ADA53299-B182-468D-A166-B9E923C432B2}"
EndProject
Project("{FAE04EC0-301F-11D3-BF4B-00C04F79EFBC}") = "HelloWorld.Tests", "HelloWorld.Tests\HelloWorld.Tests.csproj", "{3C6A79AD-4DF5-4EB0-810F-A37619592736}"
EndProject
Global
	GlobalSection(SolutionConfigurationPlatforms) = preSolution
		Debug|Any CPU = Debug|Any CPU
		Release|Any CPU = Release|Any CPU
	EndGlobalSection
	GlobalSection(SolutionProperties) = preSolution
		HideSolutionNode = FALSE
	EndGlobalSection
	GlobalSection(ProjectConfigurationPlatforms) = postSolution
		{ADA53299-B182-468D-A166-B9E923C432B2}.Debug|Any CPU.ActiveCfg = Debug|Any CPU
		{ADA53299-B182-468D-A166-B9E923C432B2}.Debug|Any CPU.Build.0 = Debug|Any CPU
		{ADA53299-B182-468D-A166-B9E923C432B2}.Release|Any CPU.ActiveCfg = Release|Any CPU
		{ADA53299-B182-468D-A166-B9E923C432B2}.Release|Any CPU.Build.0 = Release|Any CPU
		{3C6A79AD-4DF5-4EB0-810F-A37619592736}.Debug|Any CPU.ActiveCfg = Debug|Any CPU
		{3C6A79AD-4DF5-4EB0-810F-A37619592736}.Debug|Any CPU.Build.0 = Debug|Any CPU
		{3C6A79AD-4DF5-4EB0-810F-A37619592736}.Release|Any CPU.ActiveCfg = Release|Any CPU
		{3C6A79AD-4DF5-4EB0-810F-A37619592736}.Release|Any CPU.Build.0 = Release|Any CPU
	EndGlobalSection
EndGlobal
